
Microsoft Visual Studio Solution File, Format Version 12.00
# Visual Studio Version 16
VisualStudioVersion = 16.0.29025.244
MinimumVisualStudioVersion = 10.0.40219.1
Project("{FAE04EC0-301F-11D3-BF4B-00C04F79EFBC}") = "Sorting", "Sorting\Sorting.csproj", "{5A577B55-9E35-4881-B188-2AF80F5BE300}"
EndProject
Project("{FAE04EC0-301F-11D3-BF4B-00C04F79EFBC}") = "SortingTestProject", "SortingTestProject\SortingTestProject.csproj", "{65CB7885-C78C-427A-8B20-6F4A422E731D}"
EndProject
Project("{FAE04EC0-301F-11D3-BF4B-00C04F79EFBC}") = "Sorting_BenchmarkFramework", "Sorting_BenchmarkFramework\Sorting_BenchmarkFramework.csproj", "{8F5A374D-A549-49D4-9FCF-D8AB0B5FD984}"
EndProject
Global
	GlobalSection(SolutionConfigurationPlatforms) = preSolution
		Debug|Any CPU = Debug|Any CPU
		Release|Any CPU = Release|Any CPU
	EndGlobalSection
	GlobalSection(ProjectConfigurationPlatforms) = postSolution
		{5A577B55-9E35-4881-B188-2AF80F5BE300}.Debug|Any CPU.ActiveCfg = Debug|Any CPU
		{5A577B55-9E35-4881-B188-2AF80F5BE300}.Debug|Any CPU.Build.0 = Debug|Any CPU
		{5A577B55-9E35-4881-B188-2AF80F5BE300}.Release|Any CPU.ActiveCfg = Release|Any CPU
		{5A577B55-9E35-4881-B188-2AF80F5BE300}.Release|Any CPU.Build.0 = Release|Any CPU
		{65CB7885-C78C-427A-8B20-6F4A422E731D}.Debug|Any CPU.ActiveCfg = Debug|Any CPU
		{65CB7885-C78C-427A-8B20-6F4A422E731D}.Debug|Any CPU.Build.0 = Debug|Any CPU
		{65CB7885-C78C-427A-8B20-6F4A422E731D}.Release|Any CPU.ActiveCfg = Release|Any CPU
		{65CB7885-C78C-427A-8B20-6F4A422E731D}.Release|Any CPU.Build.0 = Release|Any CPU
		{8F5A374D-A549-49D4-9FCF-D8AB0B5FD984}.Debug|Any CPU.ActiveCfg = Debug|Any CPU
		{8F5A374D-A549-49D4-9FCF-D8AB0B5FD984}.Debug|Any CPU.Build.0 = Debug|Any CPU
		{8F5A374D-A549-49D4-9FCF-D8AB0B5FD984}.Release|Any CPU.ActiveCfg = Release|Any CPU
		{8F5A374D-A549-49D4-9FCF-D8AB0B5FD984}.Release|Any CPU.Build.0 = Release|Any CPU
	EndGlobalSection
	GlobalSection(SolutionProperties) = preSolution
		HideSolutionNode = FALSE
	EndGlobalSection
	GlobalSection(ExtensibilityGlobals) = postSolution
		SolutionGuid = {4A190706-FA96-41BA-BFF3-275A9D59C156}
	EndGlobalSection
EndGlobal
